
Microsoft Visual Studio Solution File, Format Version 12.00
# Visual Studio Version 17
VisualStudioVersion = 17.9.34701.34
MinimumVisualStudioVersion = 10.0.40219.1
Project("{F184B08F-C81C-45F6-A57F-5ABD9991F28F}") = "GetExternaip", "GetExternaip\GetExternaip.vbproj", "{874334AC-F39B-4EC6-8518-B8A55EEC58F0}"
EndProject
Global
	GlobalSection(SolutionConfigurationPlatforms) = preSolution
		Debug|Any CPU = Debug|Any CPU
		Release|Any CPU = Release|Any CPU
	EndGlobalSection
	GlobalSection(ProjectConfigurationPlatforms) = postSolution
		{874334AC-F39B-4EC6-8518-B8A55EEC58F0}.Debug|Any CPU.ActiveCfg = Debug|Any CPU
		{874334AC-F39B-4EC6-8518-B8A55EEC58F0}.Debug|Any CPU.Build.0 = Debug|Any CPU
		{874334AC-F39B-4EC6-8518-B8A55EEC58F0}.Release|Any CPU.ActiveCfg = Release|Any CPU
		{874334AC-F39B-4EC6-8518-B8A55EEC58F0}.Release|Any CPU.Build.0 = Release|Any CPU
	EndGlobalSection
	GlobalSection(SolutionProperties) = preSolution
		HideSolutionNode = FALSE
	EndGlobalSection
	GlobalSection(ExtensibilityGlobals) = postSolution
		SolutionGuid = {F1561293-F23A-4490-966F-045348EDEC43}
	EndGlobalSection
EndGlobal
